
Microsoft Visual Studio Solution File, Format Version 12.00
# Visual Studio Version 16
VisualStudioVersion = 16.0.31702.278
MinimumVisualStudioVersion = 10.0.40219.1
Project("{FAE04EC0-301F-11D3-BF4B-00C04F79EFBC}") = "HSVCalculator", "HSVCalculator\HSVCalculator.csproj", "{70C32AB3-A24C-433E-A1A7-8A0F98D6CA10}"
EndProject
Global
	GlobalSection(SolutionConfigurationPlatforms) = preSolution
		Debug|Any CPU = Debug|Any CPU
		Release|Any CPU = Release|Any CPU
	EndGlobalSection
	GlobalSection(ProjectConfigurationPlatforms) = postSolution
		{70C32AB3-A24C-433E-A1A7-8A0F98D6CA10}.Debug|Any CPU.ActiveCfg = Debug|Any CPU
		{70C32AB3-A24C-433E-A1A7-8A0F98D6CA10}.Debug|Any CPU.Build.0 = Debug|Any CPU
		{70C32AB3-A24C-433E-A1A7-8A0F98D6CA10}.Release|Any CPU.ActiveCfg = Release|Any CPU
		{70C32AB3-A24C-433E-A1A7-8A0F98D6CA10}.Release|Any CPU.Build.0 = Release|Any CPU
	EndGlobalSection
	GlobalSection(SolutionProperties) = preSolution
		HideSolutionNode = FALSE
	EndGlobalSection
	GlobalSection(ExtensibilityGlobals) = postSolution
		SolutionGuid = {4ECE4120-5C0B-4F33-85F9-861044896719}
	EndGlobalSection
EndGlobal
